
Microsoft Visual Studio Solution File, Format Version 12.00
# Visual Studio Version 17
VisualStudioVersion = 17.14.36203.30
MinimumVisualStudioVersion = 10.0.40219.1
Project("{FAE04EC0-301F-11D3-BF4B-00C04F79EFBC}") = "PeliculasAPI", "PeliculasAPI.csproj", "{4D44F300-2FE6-4399-A02E-8C24D360E9F2}"
EndProject
Global
	GlobalSection(SolutionConfigurationPlatforms) = preSolution
		Debug|Any CPU = Debug|Any CPU
		Release|Any CPU = Release|Any CPU
	EndGlobalSection
	GlobalSection(ProjectConfigurationPlatforms) = postSolution
		{4D44F300-2FE6-4399-A02E-8C24D360E9F2}.Debug|Any CPU.ActiveCfg = Debug|Any CPU
		{4D44F300-2FE6-4399-A02E-8C24D360E9F2}.Debug|Any CPU.Build.0 = Debug|Any CPU
		{4D44F300-2FE6-4399-A02E-8C24D360E9F2}.Release|Any CPU.ActiveCfg = Release|Any CPU
		{4D44F300-2FE6-4399-A02E-8C24D360E9F2}.Release|Any CPU.Build.0 = Release|Any CPU
	EndGlobalSection
	GlobalSection(SolutionProperties) = preSolution
		HideSolutionNode = FALSE
	EndGlobalSection
	GlobalSection(ExtensibilityGlobals) = postSolution
		SolutionGuid = {2BF19A01-14BA-4BF3-BEE2-218B7DB4C407}
	EndGlobalSection
EndGlobal
